
Microsoft Visual Studio Solution File, Format Version 12.00
# Visual Studio Version 17
VisualStudioVersion = 17.12.35527.113
MinimumVisualStudioVersion = 10.0.40219.1
Project("{FAE04EC0-301F-11D3-BF4B-00C04F79EFBC}") = "ApiPedidos.Services", "ApiPedidos.Services\ApiPedidos.Services.csproj", "{EEA26D82-336D-41F7-9CB8-B77A2554275A}"
EndProject
Project("{2150E333-8FDC-42A3-9474-1A3956D46DE8}") = "API", "API", "{F5CC5267-4F49-40E1-AC8D-A776D377C6D5}"
EndProject
Project("{2150E333-8FDC-42A3-9474-1A3956D46DE8}") = "DDD", "DDD", "{148AFC9D-AD7B-4F28-81FC-20CD20990151}"
EndProject
Project("{2150E333-8FDC-42A3-9474-1A3956D46DE8}") = "Application", "Application", "{DE5A56A4-0D7C-4465-AEC2-18836A3BB821}"
EndProject
Project("{2150E333-8FDC-42A3-9474-1A3956D46DE8}") = "Domain", "Domain", "{CEA79E9F-9E94-4159-8643-EDFC7362165A}"
EndProject
Project("{2150E333-8FDC-42A3-9474-1A3956D46DE8}") = "Infrastructure", "Infrastructure", "{9F01EDA9-8A47-49EB-95AD-B7E4BAEBBA67}"
EndProject
Project("{2150E333-8FDC-42A3-9474-1A3956D46DE8}") = "TDD", "TDD", "{55C6117A-8682-47FD-9BDE-82C2F0D5FA14}"
EndProject
Project("{FAE04EC0-301F-11D3-BF4B-00C04F79EFBC}") = "ApiPedidos.Application", "ApiPedidos.Application\ApiPedidos.Application.csproj", "{111D3331-D473-43D8-BEB1-340EF1C7594D}"
EndProject
Project("{FAE04EC0-301F-11D3-BF4B-00C04F79EFBC}") = "ApiPedidos.Infra.EventBus", "ApiPedidos.Infra.EventBus\ApiPedidos.Infra.EventBus.csproj", "{D522DEEA-99FE-48BA-8A57-E5586C944B19}"
EndProject
Project("{FAE04EC0-301F-11D3-BF4B-00C04F79EFBC}") = "ApiPedidos.Domain", "ApiPedidos.Domain\ApiPedidos.Domain.csproj", "{E51E5802-E285-4612-88EA-2CA113893F67}"
EndProject
Project("{FAE04EC0-301F-11D3-BF4B-00C04F79EFBC}") = "ApiPedidos.Infra.Data", "ApiPedidos.Infra.Data\ApiPedidos.Infra.Data.csproj", "{56F37DFF-71F9-4894-B709-B6497A352099}"
EndProject
Project("{FAE04EC0-301F-11D3-BF4B-00C04F79EFBC}") = "ApiPedidos.Tests", "ApiPedidos.Tests\ApiPedidos.Tests.csproj", "{38850E55-D696-4628-BE86-7B26972A06AE}"
EndProject
Global
	GlobalSection(SolutionConfigurationPlatforms) = preSolution
		Debug|Any CPU = Debug|Any CPU
		Release|Any CPU = Release|Any CPU
	EndGlobalSection
	GlobalSection(ProjectConfigurationPlatforms) = postSolution
		{EEA26D82-336D-41F7-9CB8-B77A2554275A}.Debug|Any CPU.ActiveCfg = Debug|Any CPU
		{EEA26D82-336D-41F7-9CB8-B77A2554275A}.Debug|Any CPU.Build.0 = Debug|Any CPU
		{EEA26D82-336D-41F7-9CB8-B77A2554275A}.Release|Any CPU.ActiveCfg = Release|Any CPU
		{EEA26D82-336D-41F7-9CB8-B77A2554275A}.Release|Any CPU.Build.0 = Release|Any CPU
		{111D3331-D473-43D8-BEB1-340EF1C7594D}.Debug|Any CPU.ActiveCfg = Debug|Any CPU
		{111D3331-D473-43D8-BEB1-340EF1C7594D}.Debug|Any CPU.Build.0 = Debug|Any CPU
		{111D3331-D473-43D8-BEB1-340EF1C7594D}.Release|Any CPU.ActiveCfg = Release|Any CPU
		{111D3331-D473-43D8-BEB1-340EF1C7594D}.Release|Any CPU.Build.0 = Release|Any CPU
		{D522DEEA-99FE-48BA-8A57-E5586C944B19}.Debug|Any CPU.ActiveCfg = Debug|Any CPU
		{D522DEEA-99FE-48BA-8A57-E5586C944B19}.Debug|Any CPU.Build.0 = Debug|Any CPU
		{D522DEEA-99FE-48BA-8A57-E5586C944B19}.Release|Any CPU.ActiveCfg = Release|Any CPU
		{D522DEEA-99FE-48BA-8A57-E5586C944B19}.Release|Any CPU.Build.0 = Release|Any CPU
		{E51E5802-E285-4612-88EA-2CA113893F67}.Debug|Any CPU.ActiveCfg = Debug|Any CPU
		{E51E5802-E285-4612-88EA-2CA113893F67}.Debug|Any CPU.Build.0 = Debug|Any CPU
		{E51E5802-E285-4612-88EA-2CA113893F67}.Release|Any CPU.ActiveCfg = Release|Any CPU
		{E51E5802-E285-4612-88EA-2CA113893F67}.Release|Any CPU.Build.0 = Release|Any CPU
		{56F37DFF-71F9-4894-B709-B6497A352099}.Debug|Any CPU.ActiveCfg = Debug|Any CPU
		{56F37DFF-71F9-4894-B709-B6497A352099}.Debug|Any CPU.Build.0 = Debug|Any CPU
		{56F37DFF-71F9-4894-B709-B6497A352099}.Release|Any CPU.ActiveCfg = Release|Any CPU
		{56F37DFF-71F9-4894-B709-B6497A352099}.Release|Any CPU.Build.0 = Release|Any CPU
		{38850E55-D696-4628-BE86-7B26972A06AE}.Debug|Any CPU.ActiveCfg = Debug|Any CPU
		{38850E55-D696-4628-BE86-7B26972A06AE}.Debug|Any CPU.Build.0 = Debug|Any CPU
		{38850E55-D696-4628-BE86-7B26972A06AE}.Release|Any CPU.ActiveCfg = Release|Any CPU
		{38850E55-D696-4628-BE86-7B26972A06AE}.Release|Any CPU.Build.0 = Release|Any CPU
	EndGlobalSection
	GlobalSection(SolutionProperties) = preSolution
		HideSolutionNode = FALSE
	EndGlobalSection
	GlobalSection(NestedProjects) = preSolution
		{EEA26D82-336D-41F7-9CB8-B77A2554275A} = {F5CC5267-4F49-40E1-AC8D-A776D377C6D5}
		{DE5A56A4-0D7C-4465-AEC2-18836A3BB821} = {148AFC9D-AD7B-4F28-81FC-20CD20990151}
		{CEA79E9F-9E94-4159-8643-EDFC7362165A} = {148AFC9D-AD7B-4F28-81FC-20CD20990151}
		{9F01EDA9-8A47-49EB-95AD-B7E4BAEBBA67} = {148AFC9D-AD7B-4F28-81FC-20CD20990151}
		{111D3331-D473-43D8-BEB1-340EF1C7594D} = {DE5A56A4-0D7C-4465-AEC2-18836A3BB821}
		{D522DEEA-99FE-48BA-8A57-E5586C944B19} = {9F01EDA9-8A47-49EB-95AD-B7E4BAEBBA67}
		{E51E5802-E285-4612-88EA-2CA113893F67} = {CEA79E9F-9E94-4159-8643-EDFC7362165A}
		{56F37DFF-71F9-4894-B709-B6497A352099} = {9F01EDA9-8A47-49EB-95AD-B7E4BAEBBA67}
		{38850E55-D696-4628-BE86-7B26972A06AE} = {55C6117A-8682-47FD-9BDE-82C2F0D5FA14}
	EndGlobalSection
EndGlobal
